
Microsoft Visual Studio Solution File, Format Version 12.00
# Visual Studio 2013
VisualStudioVersion = 12.0.30501.0
MinimumVisualStudioVersion = 10.0.40219.1
Project("{8BC9CEB8-8B4A-11D0-8D11-00A0C91BC942}") = "LeetCodeSolutions", "LeetCodeSolutions\LeetCodeSolutions.vcxproj", "{985CBA63-B718-4BC0-A620-F8CAA83EB269}"
EndProject
Project("{8BC9CEB8-8B4A-11D0-8D11-00A0C91BC942}") = "Reverse_Words_in_a_String", "Reverse_Words_in_a_String\Reverse_Words_in_a_String.vcxproj", "{4A7B142F-02A1-43B9-B9B7-59081B67E61D}"
EndProject
Project("{8BC9CEB8-8B4A-11D0-8D11-00A0C91BC942}") = "Evaluate_Reverse_Polish_Notation", "Evaluate_Reverse_Polish_Notation\Evaluate_Reverse_Polish_Notation.vcxproj", "{C969E85D-E3DB-4F32-900D-B60674E7752D}"
EndProject
Global
	GlobalSection(SolutionConfigurationPlatforms) = preSolution
		Debug|Win32 = Debug|Win32
		Release|Win32 = Release|Win32
	EndGlobalSection
	GlobalSection(ProjectConfigurationPlatforms) = postSolution
		{985CBA63-B718-4BC0-A620-F8CAA83EB269}.Debug|Win32.ActiveCfg = Debug|Win32
		{985CBA63-B718-4BC0-A620-F8CAA83EB269}.Debug|Win32.Build.0 = Debug|Win32
		{985CBA63-B718-4BC0-A620-F8CAA83EB269}.Release|Win32.ActiveCfg = Release|Win32
		{985CBA63-B718-4BC0-A620-F8CAA83EB269}.Release|Win32.Build.0 = Release|Win32
		{4A7B142F-02A1-43B9-B9B7-59081B67E61D}.Debug|Win32.ActiveCfg = Debug|Win32
		{4A7B142F-02A1-43B9-B9B7-59081B67E61D}.Debug|Win32.Build.0 = Debug|Win32
		{4A7B142F-02A1-43B9-B9B7-59081B67E61D}.Release|Win32.ActiveCfg = Release|Win32
		{4A7B142F-02A1-43B9-B9B7-59081B67E61D}.Release|Win32.Build.0 = Release|Win32
		{C969E85D-E3DB-4F32-900D-B60674E7752D}.Debug|Win32.ActiveCfg = Debug|Win32
		{C969E85D-E3DB-4F32-900D-B60674E7752D}.Debug|Win32.Build.0 = Debug|Win32
		{C969E85D-E3DB-4F32-900D-B60674E7752D}.Release|Win32.ActiveCfg = Release|Win32
		{C969E85D-E3DB-4F32-900D-B60674E7752D}.Release|Win32.Build.0 = Release|Win32
	EndGlobalSection
	GlobalSection(SolutionProperties) = preSolution
		HideSolutionNode = FALSE
	EndGlobalSection
EndGlobal
